// !$*UTF8*$!
{
	archiveVersion = 1;
	classes = {
	};
	objectVersion = 46;
	objects = {

/* Begin PBXBuildFile section */
		2B0967891AF21029007CE86F /* main.m in Sources */ = {isa = PBXBuildFile; fileRef = 2B0967881AF21029007CE86F /* main.m */; };
		2B09678C1AF21029007CE86F /* AppDelegate.m in Sources */ = {isa = PBXBuildFile; fileRef = 2B09678B1AF21029007CE86F /* AppDelegate.m */; };
		2B09678F1AF21029007CE86F /* TaskManager.xcdatamodeld in Sources */ = {isa = PBXBuildFile; fileRef = 2B09678D1AF21029007CE86F /* TaskManager.xcdatamodeld */; };
		2B0967981AF21029007CE86F /* Main.storyboard in Resources */ = {isa = PBXBuildFile; fileRef = 2B0967961AF21029007CE86F /* Main.storyboard */; };
		2B09679A1AF21029007CE86F /* Images.xcassets in Resources */ = {isa = PBXBuildFile; fileRef = 2B0967991AF21029007CE86F /* Images.xcassets */; };
		2B09679D1AF21029007CE86F /* LaunchScreen.xib in Resources */ = {isa = PBXBuildFile; fileRef = 2B09679B1AF21029007CE86F /* LaunchScreen.xib */; };
		2B0967A91AF21029007CE86F /* TaskManagerTests.m in Sources */ = {isa = PBXBuildFile; fileRef = 2B0967A81AF21029007CE86F /* TaskManagerTests.m */; };
		2B0967B41AF2153C007CE86F /* TaskListTableViewController.m in Sources */ = {isa = PBXBuildFile; fileRef = 2B0967B31AF2153C007CE86F /* TaskListTableViewController.m */; };
		2B0967B71AF21FBB007CE86F /* TaskCategoryListTableViewController.m in Sources */ = {isa = PBXBuildFile; fileRef = 2B0967B61AF21FBB007CE86F /* TaskCategoryListTableViewController.m */; };
		2B0967BD1AF2216D007CE86F /* TaskEditViewController.m in Sources */ = {isa = PBXBuildFile; fileRef = 2B0967BC1AF2216D007CE86F /* TaskEditViewController.m */; };
		2B0967DC1AF37171007CE86F /* Task.m in Sources */ = {isa = PBXBuildFile; fileRef = 2B0967DB1AF37171007CE86F /* Task.m */; };
		2B0967DF1AF37172007CE86F /* TaskCategory.m in Sources */ = {isa = PBXBuildFile; fileRef = 2B0967DE1AF37172007CE86F /* TaskCategory.m */; };
		2B0967E21AF3720B007CE86F /* TaskCategory+Color.m in Sources */ = {isa = PBXBuildFile; fileRef = 2B0967E11AF3720B007CE86F /* TaskCategory+Color.m */; };
		2BAF23031AF3A7E7006D4F7B /* TaskCategoryEditViewController.m in Sources */ = {isa = PBXBuildFile; fileRef = 2BAF23021AF3A7E7006D4F7B /* TaskCategoryEditViewController.m */; };
		2BAF23071AF3B17B006D4F7B /* DBColorNames.m in Sources */ = {isa = PBXBuildFile; fileRef = 2BAF23061AF3B17B006D4F7B /* DBColorNames.m */; };
		2BAF230B1AF3DAD0006D4F7B /* SettingsTableViewController.m in Sources */ = {isa = PBXBuildFile; fileRef = 2BAF230A1AF3DAD0006D4F7B /* SettingsTableViewController.m */; };
/* End PBXBuildFile section */

/* Begin PBXContainerItemProxy section */
		2B0967A31AF21029007CE86F /* PBXContainerItemProxy */ = {
			isa = PBXContainerItemProxy;
			containerPortal = 2B09677B1AF21029007CE86F /* Project object */;
			proxyType = 1;
			remoteGlobalIDString = 2B0967821AF21029007CE86F;
			remoteInfo = TaskManager;
		};
/* End PBXContainerItemProxy section */

/* Begin PBXFileReference section */
		2B0967831AF21029007CE86F /* TaskManager.app */ = {isa = PBXFileReference; explicitFileType = wrapper.application; includeInIndex = 0; path = TaskManager.app; sourceTree = BUILT_PRODUCTS_DIR; };
		2B0967871AF21029007CE86F /* Info.plist */ = {isa = PBXFileReference; lastKnownFileType = text.plist.xml; path = Info.plist; sourceTree = "<group>"; };
		2B0967881AF21029007CE86F /* main.m */ = {isa = PBXFileReference; lastKnownFileType = sourcecode.c.objc; path = main.m; sourceTree = "<group>"; };
		2B09678A1AF21029007CE86F /* AppDelegate.h */ = {isa = PBXFileReference; lastKnownFileType = sourcecode.c.h; path = AppDelegate.h; sourceTree = "<group>"; };
		2B09678B1AF21029007CE86F /* AppDelegate.m */ = {isa = PBXFileReference; lastKnownFileType = sourcecode.c.objc; path = AppDelegate.m; sourceTree = "<group>"; };
		2B09678E1AF21029007CE86F /* TaskManager.xcdatamodel */ = {isa = PBXFileReference; lastKnownFileType = wrapper.xcdatamodel; path = TaskManager.xcdatamodel; sourceTree = "<group>"; };
		2B0967971AF21029007CE86F /* Base */ = {isa = PBXFileReference; lastKnownFileType = file.storyboard; name = Base; path = Base.lproj/Main.storyboard; sourceTree = "<group>"; };
		2B0967991AF21029007CE86F /* Images.xcassets */ = {isa = PBXFileReference; lastKnownFileType = folder.assetcatalog; path = Images.xcassets; sourceTree = "<group>"; };
		2B09679C1AF21029007CE86F /* Base */ = {isa = PBXFileReference; lastKnownFileType = file.xib; name = Base; path = Base.lproj/LaunchScreen.xib; sourceTree = "<group>"; };
		2B0967A21AF21029007CE86F /* TaskManagerTests.xctest */ = {isa = PBXFileReference; explicitFileType = wrapper.cfbundle; includeInIndex = 0; path = TaskManagerTests.xctest; sourceTree = BUILT_PRODUCTS_DIR; };
		2B0967A71AF21029007CE86F /* Info.plist */ = {isa = PBXFileReference; lastKnownFileType = text.plist.xml; path = Info.plist; sourceTree = "<group>"; };
		2B0967A81AF21029007CE86F /* TaskManagerTests.m */ = {isa = PBXFileReference; lastKnownFileType = sourcecode.c.objc; path = TaskManagerTests.m; sourceTree = "<group>"; };
		2B0967B21AF2153C007CE86F /* TaskListTableViewController.h */ = {isa = PBXFileReference; fileEncoding = 4; lastKnownFileType = sourcecode.c.h; path = TaskListTableViewController.h; sourceTree = "<group>"; };
		2B0967B31AF2153C007CE86F /* TaskListTableViewController.m */ = {isa = PBXFileReference; fileEncoding = 4; lastKnownFileType = sourcecode.c.objc; path = TaskListTableViewController.m; sourceTree = "<group>"; };
		2B0967B51AF21FBB007CE86F /* TaskCategoryListTableViewController.h */ = {isa = PBXFileReference; fileEncoding = 4; lastKnownFileType = sourcecode.c.h; path = TaskCategoryListTableViewController.h; sourceTree = "<group>"; };
		2B0967B61AF21FBB007CE86F /* TaskCategoryListTableViewController.m */ = {isa = PBXFileReference; fileEncoding = 4; lastKnownFileType = sourcecode.c.objc; path = TaskCategoryListTableViewController.m; sourceTree = "<group>"; };
		2B0967BB1AF2216D007CE86F /* TaskEditViewController.h */ = {isa = PBXFileReference; fileEncoding = 4; lastKnownFileType = sourcecode.c.h; path = TaskEditViewController.h; sourceTree = "<group>"; };
		2B0967BC1AF2216D007CE86F /* TaskEditViewController.m */ = {isa = PBXFileReference; fileEncoding = 4; lastKnownFileType = sourcecode.c.objc; path = TaskEditViewController.m; sourceTree = "<group>"; };
		2B0967DA1AF37171007CE86F /* Task.h */ = {isa = PBXFileReference; fileEncoding = 4; lastKnownFileType = sourcecode.c.h; path = Task.h; sourceTree = "<group>"; };
		2B0967DB1AF37171007CE86F /* Task.m */ = {isa = PBXFileReference; fileEncoding = 4; lastKnownFileType = sourcecode.c.objc; path = Task.m; sourceTree = "<group>"; };
		2B0967DD1AF37172007CE86F /* TaskCategory.h */ = {isa = PBXFileReference; fileEncoding = 4; lastKnownFileType = sourcecode.c.h; path = TaskCategory.h; sourceTree = "<group>"; };
		2B0967DE1AF37172007CE86F /* TaskCategory.m */ = {isa = PBXFileReference; fileEncoding = 4; lastKnownFileType = sourcecode.c.objc; path = TaskCategory.m; sourceTree = "<group>"; };
		2B0967E01AF3720B007CE86F /* TaskCategory+Color.h */ = {isa = PBXFileReference; fileEncoding = 4; lastKnownFileType = sourcecode.c.h; path = "TaskCategory+Color.h"; sourceTree = "<group>"; };
		2B0967E11AF3720B007CE86F /* TaskCategory+Color.m */ = {isa = PBXFileReference; fileEncoding = 4; lastKnownFileType = sourcecode.c.objc; path = "TaskCategory+Color.m"; sourceTree = "<group>"; };
		2BAF22FF1AF3832E006D4F7B /* TaskCategorySelectDelegate.h */ = {isa = PBXFileReference; fileEncoding = 4; lastKnownFileType = sourcecode.c.h; path = TaskCategorySelectDelegate.h; sourceTree = "<group>"; };
		2BAF23011AF3A7E7006D4F7B /* TaskCategoryEditViewController.h */ = {isa = PBXFileReference; fileEncoding = 4; lastKnownFileType = sourcecode.c.h; path = TaskCategoryEditViewController.h; sourceTree = "<group>"; };
		2BAF23021AF3A7E7006D4F7B /* TaskCategoryEditViewController.m */ = {isa = PBXFileReference; fileEncoding = 4; lastKnownFileType = sourcecode.c.objc; path = TaskCategoryEditViewController.m; sourceTree = "<group>"; };
		2BAF23051AF3B17B006D4F7B /* DBColorNames.h */ = {isa = PBXFileReference; fileEncoding = 4; lastKnownFileType = sourcecode.c.h; path = DBColorNames.h; sourceTree = "<group>"; };
		2BAF23061AF3B17B006D4F7B /* DBColorNames.m */ = {isa = PBXFileReference; fileEncoding = 4; lastKnownFileType = sourcecode.c.objc; path = DBColorNames.m; sourceTree = "<group>"; };
		2BAF23091AF3DAD0006D4F7B /* SettingsTableViewController.h */ = {isa = PBXFileReference; fileEncoding = 4; lastKnownFileType = sourcecode.c.h; path = SettingsTableViewController.h; sourceTree = "<group>"; };
		2BAF230A1AF3DAD0006D4F7B /* SettingsTableViewController.m */ = {isa = PBXFileReference; fileEncoding = 4; lastKnownFileType = sourcecode.c.objc; path = SettingsTableViewController.m; sourceTree = "<group>"; };
/* End PBXFileReference section */

/* Begin PBXFrameworksBuildPhase section */
		2B0967801AF21029007CE86F /* Frameworks */ = {
			isa = PBXFrameworksBuildPhase;
			buildActionMask = 2147483647;
			files = (
			);
			runOnlyForDeploymentPostprocessing = 0;
		};
		2B09679F1AF21029007CE86F /* Frameworks */ = {
			isa = PBXFrameworksBuildPhase;
			buildActionMask = 2147483647;
			files = (
			);
			runOnlyForDeploymentPostprocessing = 0;
		};
/* End PBXFrameworksBuildPhase section */

/* Begin PBXGroup section */
		2B09677A1AF21029007CE86F = {
			isa = PBXGroup;
			children = (
				2B0967851AF21029007CE86F /* TaskManager */,
				2B0967A51AF21029007CE86F /* TaskManagerTests */,
				2B0967841AF21029007CE86F /* Products */,
			);
			sourceTree = "<group>";
		};
		2B0967841AF21029007CE86F /* Products */ = {
			isa = PBXGroup;
			children = (
				2B0967831AF21029007CE86F /* TaskManager.app */,
				2B0967A21AF21029007CE86F /* TaskManagerTests.xctest */,
			);
			name = Products;
			sourceTree = "<group>";
		};
		2B0967851AF21029007CE86F /* TaskManager */ = {
			isa = PBXGroup;
			children = (
				2BAF23041AF3B167006D4F7B /* Colors */,
				2B0967C41AF22333007CE86F /* Core Data */,
				2B09678A1AF21029007CE86F /* AppDelegate.h */,
				2B09678B1AF21029007CE86F /* AppDelegate.m */,
				2B0967961AF21029007CE86F /* Main.storyboard */,
				2B0967991AF21029007CE86F /* Images.xcassets */,
				2B09679B1AF21029007CE86F /* LaunchScreen.xib */,
				2B09678D1AF21029007CE86F /* TaskManager.xcdatamodeld */,
				2BAF23081AF3DA85006D4F7B /* Settings */,
				2B0967B81AF21FC1007CE86F /* Task Category */,
				2B0967B91AF2212A007CE86F /* Task */,
				2B0967861AF21029007CE86F /* Supporting Files */,
			);
			path = TaskManager;
			sourceTree = "<group>";
		};
		2B0967861AF21029007CE86F /* Supporting Files */ = {
			isa = PBXGroup;
			children = (
				2B0967871AF21029007CE86F /* Info.plist */,
				2B0967881AF21029007CE86F /* main.m */,
			);
			name = "Supporting Files";
			sourceTree = "<group>";
		};
		2B0967A51AF21029007CE86F /* TaskManagerTests */ = {
			isa = PBXGroup;
			children = (
				2B0967A81AF21029007CE86F /* TaskManagerTests.m */,
				2B0967A61AF21029007CE86F /* Supporting Files */,
			);
			path = TaskManagerTests;
			sourceTree = "<group>";
		};
		2B0967A61AF21029007CE86F /* Supporting Files */ = {
			isa = PBXGroup;
			children = (
				2B0967A71AF21029007CE86F /* Info.plist */,
			);
			name = "Supporting Files";
			sourceTree = "<group>";
		};
		2B0967B81AF21FC1007CE86F /* Task Category */ = {
			isa = PBXGroup;
			children = (
				2BAF23001AF3A799006D4F7B /* Edit */,
				2B0967B51AF21FBB007CE86F /* TaskCategoryListTableViewController.h */,
				2B0967B61AF21FBB007CE86F /* TaskCategoryListTableViewController.m */,
				2BAF22FF1AF3832E006D4F7B /* TaskCategorySelectDelegate.h */,
			);
			name = "Task Category";
			sourceTree = "<group>";
		};
		2B0967B91AF2212A007CE86F /* Task */ = {
			isa = PBXGroup;
			children = (
				2B0967BA1AF2214C007CE86F /* Edit */,
				2B0967B21AF2153C007CE86F /* TaskListTableViewController.h */,
				2B0967B31AF2153C007CE86F /* TaskListTableViewController.m */,
			);
			name = Task;
			sourceTree = "<group>";
		};
		2B0967BA1AF2214C007CE86F /* Edit */ = {
			isa = PBXGroup;
			children = (
				2B0967BB1AF2216D007CE86F /* TaskEditViewController.h */,
				2B0967BC1AF2216D007CE86F /* TaskEditViewController.m */,
			);
			name = Edit;
			sourceTree = "<group>";
		};
		2B0967C41AF22333007CE86F /* Core Data */ = {
			isa = PBXGroup;
			children = (
				2B0967DD1AF37172007CE86F /* TaskCategory.h */,
				2B0967DE1AF37172007CE86F /* TaskCategory.m */,
				2B0967DA1AF37171007CE86F /* Task.h */,
				2B0967DB1AF37171007CE86F /* Task.m */,
				2B0967E01AF3720B007CE86F /* TaskCategory+Color.h */,
				2B0967E11AF3720B007CE86F /* TaskCategory+Color.m */,
			);
			name = "Core Data";
			sourceTree = "<group>";
		};
		2BAF23001AF3A799006D4F7B /* Edit */ = {
			isa = PBXGroup;
			children = (
				2BAF23011AF3A7E7006D4F7B /* TaskCategoryEditViewController.h */,
				2BAF23021AF3A7E7006D4F7B /* TaskCategoryEditViewController.m */,
			);
			name = Edit;
			sourceTree = "<group>";
		};
		2BAF23041AF3B167006D4F7B /* Colors */ = {
			isa = PBXGroup;
			children = (
				2BAF23051AF3B17B006D4F7B /* DBColorNames.h */,
				2BAF23061AF3B17B006D4F7B /* DBColorNames.m */,
			);
			name = Colors;
			sourceTree = "<group>";
		};
		2BAF23081AF3DA85006D4F7B /* Settings */ = {
			isa = PBXGroup;
			children = (
				2BAF23091AF3DAD0006D4F7B /* SettingsTableViewController.h */,
				2BAF230A1AF3DAD0006D4F7B /* SettingsTableViewController.m */,
			);
			name = Settings;
			sourceTree = "<group>";
		};
/* End PBXGroup section */

/* Begin PBXNativeTarget section */
		2B0967821AF21029007CE86F /* TaskManager */ = {
			isa = PBXNativeTarget;
			buildConfigurationList = 2B0967AC1AF21029007CE86F /* Build configuration list for PBXNativeTarget "TaskManager" */;
			buildPhases = (
				2B09677F1AF21029007CE86F /* Sources */,
				2B0967801AF21029007CE86F /* Frameworks */,
				2B0967811AF21029007CE86F /* Resources */,
			);
			buildRules = (
			);
			dependencies = (
			);
			name = TaskManager;
			productName = TaskManager;
			productReference = 2B0967831AF21029007CE86F /* TaskManager.app */;
			productType = "com.apple.product-type.application";
		};
		2B0967A11AF21029007CE86F /* TaskManagerTests */ = {
			isa = PBXNativeTarget;
			buildConfigurationList = 2B0967AF1AF21029007CE86F /* Build configuration list for PBXNativeTarget "TaskManagerTests" */;
			buildPhases = (
				2B09679E1AF21029007CE86F /* Sources */,
				2B09679F1AF21029007CE86F /* Frameworks */,
				2B0967A01AF21029007CE86F /* Resources */,
			);
			buildRules = (
			);
			dependencies = (
				2B0967A41AF21029007CE86F /* PBXTargetDependency */,
			);
			name = TaskManagerTests;
			productName = TaskManagerTests;
			productReference = 2B0967A21AF21029007CE86F /* TaskManagerTests.xctest */;
			productType = "com.apple.product-type.bundle.unit-test";
		};
/* End PBXNativeTarget section */

/* Begin PBXProject section */
		2B09677B1AF21029007CE86F /* Project object */ = {
			isa = PBXProject;
			attributes = {
				LastUpgradeCheck = 0630;
				ORGANIZATIONNAME = "Ondřej Veselý";
				TargetAttributes = {
					2B0967821AF21029007CE86F = {
						CreatedOnToolsVersion = 6.3.1;
					};
					2B0967A11AF21029007CE86F = {
						CreatedOnToolsVersion = 6.3.1;
						TestTargetID = 2B0967821AF21029007CE86F;
					};
				};
			};
			buildConfigurationList = 2B09677E1AF21029007CE86F /* Build configuration list for PBXProject "TaskManager" */;
			compatibilityVersion = "Xcode 3.2";
			developmentRegion = English;
			hasScannedForEncodings = 0;
			knownRegions = (
				en,
				Base,
			);
			mainGroup = 2B09677A1AF21029007CE86F;
			productRefGroup = 2B0967841AF21029007CE86F /* Products */;
			projectDirPath = "";
			projectRoot = "";
			targets = (
				2B0967821AF21029007CE86F /* TaskManager */,
				2B0967A11AF21029007CE86F /* TaskManagerTests */,
			);
		};
/* End PBXProject section */

/* Begin PBXResourcesBuildPhase section */
		2B0967811AF21029007CE86F /* Resources */ = {
			isa = PBXResourcesBuildPhase;
			buildActionMask = 2147483647;
			files = (
				2B0967981AF21029007CE86F /* Main.storyboard in Resources */,
				2B09679D1AF21029007CE86F /* LaunchScreen.xib in Resources */,
				2B09679A1AF21029007CE86F /* Images.xcassets in Resources */,
			);
			runOnlyForDeploymentPostprocessing = 0;
		};
		2B0967A01AF21029007CE86F /* Resources */ = {
			isa = PBXResourcesBuildPhase;
			buildActionMask = 2147483647;
			files = (
			);
			runOnlyForDeploymentPostprocessing = 0;
		};
/* End PBXResourcesBuildPhase section */

/* Begin PBXSourcesBuildPhase section */
		2B09677F1AF21029007CE86F /* Sources */ = {
			isa = PBXSourcesBuildPhase;
			buildActionMask = 2147483647;
			files = (
				2BAF230B1AF3DAD0006D4F7B /* SettingsTableViewController.m in Sources */,
				2B0967DC1AF37171007CE86F /* Task.m in Sources */,
				2BAF23071AF3B17B006D4F7B /* DBColorNames.m in Sources */,
				2B0967E21AF3720B007CE86F /* TaskCategory+Color.m in Sources */,
				2B09678F1AF21029007CE86F /* TaskManager.xcdatamodeld in Sources */,
				2B0967DF1AF37172007CE86F /* TaskCategory.m in Sources */,
				2BAF23031AF3A7E7006D4F7B /* TaskCategoryEditViewController.m in Sources */,
				2B0967BD1AF2216D007CE86F /* TaskEditViewController.m in Sources */,
				2B09678C1AF21029007CE86F /* AppDelegate.m in Sources */,
				2B0967B41AF2153C007CE86F /* TaskListTableViewController.m in Sources */,
				2B0967B71AF21FBB007CE86F /* TaskCategoryListTableViewController.m in Sources */,
				2B0967891AF21029007CE86F /* main.m in Sources */,
			);
			runOnlyForDeploymentPostprocessing = 0;
		};
		2B09679E1AF21029007CE86F /* Sources */ = {
			isa = PBXSourcesBuildPhase;
			buildActionMask = 2147483647;
			files = (
				2B0967A91AF21029007CE86F /* TaskManagerTests.m in Sources */,
			);
			runOnlyForDeploymentPostprocessing = 0;
		};
/* End PBXSourcesBuildPhase section */

/* Begin PBXTargetDependency section */
		2B0967A41AF21029007CE86F /* PBXTargetDependency */ = {
			isa = PBXTargetDependency;
			target = 2B0967821AF21029007CE86F /* TaskManager */;
			targetProxy = 2B0967A31AF21029007CE86F /* PBXContainerItemProxy */;
		};
/* End PBXTargetDependency section */

/* Begin PBXVariantGroup section */
		2B0967961AF21029007CE86F /* Main.storyboard */ = {
			isa = PBXVariantGroup;
			children = (
				2B0967971AF21029007CE86F /* Base */,
			);
			name = Main.storyboard;
			sourceTree = "<group>";
		};
		2B09679B1AF21029007CE86F /* LaunchScreen.xib */ = {
			isa = PBXVariantGroup;
			children = (
				2B09679C1AF21029007CE86F /* Base */,
			);
			name = LaunchScreen.xib;
			sourceTree = "<group>";
		};
/* End PBXVariantGroup section */

/* Begin XCBuildConfiguration section */
		2B0967AA1AF21029007CE86F /* Debug */ = {
			isa = XCBuildConfiguration;
			buildSettings = {
				ALWAYS_SEARCH_USER_PATHS = NO;
				CLANG_CXX_LANGUAGE_STANDARD = "gnu++0x";
				CLANG_CXX_LIBRARY = "libc++";
				CLANG_ENABLE_MODULES = YES;
				CLANG_ENABLE_OBJC_ARC = YES;
				CLANG_WARN_BOOL_CONVERSION = YES;
				CLANG_WARN_CONSTANT_CONVERSION = YES;
				CLANG_WARN_DIRECT_OBJC_ISA_USAGE = YES_ERROR;
				CLANG_WARN_EMPTY_BODY = YES;
				CLANG_WARN_ENUM_CONVERSION = YES;
				CLANG_WARN_INT_CONVERSION = YES;
				CLANG_WARN_OBJC_ROOT_CLASS = YES_ERROR;
				CLANG_WARN_UNREACHABLE_CODE = YES;
				CLANG_WARN__DUPLICATE_METHOD_MATCH = YES;
				"CODE_SIGN_IDENTITY[sdk=iphoneos*]" = "iPhone Developer";
				COPY_PHASE_STRIP = NO;
				DEBUG_INFORMATION_FORMAT = "dwarf-with-dsym";
				ENABLE_STRICT_OBJC_MSGSEND = YES;
				GCC_C_LANGUAGE_STANDARD = gnu99;
				GCC_DYNAMIC_NO_PIC = NO;
				GCC_NO_COMMON_BLOCKS = YES;
				GCC_OPTIMIZATION_LEVEL = 0;
				GCC_PREPROCESSOR_DEFINITIONS = (
					"DEBUG=1",
					"$(inherited)",
				);
				GCC_SYMBOLS_PRIVATE_EXTERN = NO;
				GCC_WARN_64_TO_32_BIT_CONVERSION = YES;
				GCC_WARN_ABOUT_RETURN_TYPE = YES_ERROR;
				GCC_WARN_UNDECLARED_SELECTOR = YES;
				GCC_WARN_UNINITIALIZED_AUTOS = YES_AGGRESSIVE;
				GCC_WARN_UNUSED_FUNCTION = YES;
				GCC_WARN_UNUSED_VARIABLE = YES;
				IPHONEOS_DEPLOYMENT_TARGET = 8.3;
				MTL_ENABLE_DEBUG_INFO = YES;
				ONLY_ACTIVE_ARCH = YES;
				SDKROOT = iphoneos;
				TARGETED_DEVICE_FAMILY = "1,2";
			};
			name = Debug;
		};
		2B0967AB1AF21029007CE86F /* Release */ = {
			isa = XCBuildConfiguration;
			buildSettings = {
				ALWAYS_SEARCH_USER_PATHS = NO;
				CLANG_CXX_LANGUAGE_STANDARD = "gnu++0x";
				CLANG_CXX_LIBRARY = "libc++";
				CLANG_ENABLE_MODULES = YES;
				CLANG_ENABLE_OBJC_ARC = YES;
				CLANG_WARN_BOOL_CONVERSION = YES;
				CLANG_WARN_CONSTANT_CONVERSION = YES;
				CLANG_WARN_DIRECT_OBJC_ISA_USAGE = YES_ERROR;
				CLANG_WARN_EMPTY_BODY = YES;
				CLANG_WARN_ENUM_CONVERSION = YES;
				CLANG_WARN_INT_CONVERSION = YES;
				CLANG_WARN_OBJC_ROOT_CLASS = YES_ERROR;
				CLANG_WARN_UNREACHABLE_CODE = YES;
				CLANG_WARN__DUPLICATE_METHOD_MATCH = YES;
				"CODE_SIGN_IDENTITY[sdk=iphoneos*]" = "iPhone Developer";
				COPY_PHASE_STRIP = NO;
				DEBUG_INFORMATION_FORMAT = "dwarf-with-dsym";
				ENABLE_NS_ASSERTIONS = NO;
				ENABLE_STRICT_OBJC_MSGSEND = YES;
				GCC_C_LANGUAGE_STANDARD = gnu99;
				GCC_NO_COMMON_BLOCKS = YES;
				GCC_WARN_64_TO_32_BIT_CONVERSION = YES;
				GCC_WARN_ABOUT_RETURN_TYPE = YES_ERROR;
				GCC_WARN_UNDECLARED_SELECTOR = YES;
				GCC_WARN_UNINITIALIZED_AUTOS = YES_AGGRESSIVE;
				GCC_WARN_UNUSED_FUNCTION = YES;
				GCC_WARN_UNUSED_VARIABLE = YES;
				IPHONEOS_DEPLOYMENT_TARGET = 8.3;
				MTL_ENABLE_DEBUG_INFO = NO;
				SDKROOT = iphoneos;
				TARGETED_DEVICE_FAMILY = "1,2";
				VALIDATE_PRODUCT = YES;
			};
			name = Release;
		};
		2B0967AD1AF21029007CE86F /* Debug */ = {
			isa = XCBuildConfiguration;
			buildSettings = {
				ASSETCATALOG_COMPILER_APPICON_NAME = AppIcon;
				CLANG_ENABLE_MODULES = YES;
				INFOPLIST_FILE = TaskManager/Info.plist;
				LD_RUNPATH_SEARCH_PATHS = "$(inherited) @executable_path/Frameworks";
				PRODUCT_NAME = "$(TARGET_NAME)";
				SWIFT_OBJC_BRIDGING_HEADER = "TaskManager/TaskManager-Bridging-Header.h";
				SWIFT_OPTIMIZATION_LEVEL = "-Onone";
			};
			name = Debug;
		};
		2B0967AE1AF21029007CE86F /* Release */ = {
			isa = XCBuildConfiguration;
			buildSettings = {
				ASSETCATALOG_COMPILER_APPICON_NAME = AppIcon;
				CLANG_ENABLE_MODULES = YES;
				INFOPLIST_FILE = TaskManager/Info.plist;
				LD_RUNPATH_SEARCH_PATHS = "$(inherited) @executable_path/Frameworks";
				PRODUCT_NAME = "$(TARGET_NAME)";
				SWIFT_OBJC_BRIDGING_HEADER = "TaskManager/TaskManager-Bridging-Header.h";
			};
			name = Release;
		};
		2B0967B01AF21029007CE86F /* Debug */ = {
			isa = XCBuildConfiguration;
			buildSettings = {
				BUNDLE_LOADER = "$(TEST_HOST)";
				FRAMEWORK_SEARCH_PATHS = (
					"$(SDKROOT)/Developer/Library/Frameworks",
					"$(inherited)",
				);
				GCC_PREPROCESSOR_DEFINITIONS = (
					"DEBUG=1",
					"$(inherited)",
				);
				INFOPLIST_FILE = TaskManagerTests/Info.plist;
				LD_RUNPATH_SEARCH_PATHS = "$(inherited) @executable_path/Frameworks @loader_path/Frameworks";
				PRODUCT_NAME = "$(TARGET_NAME)";
				TEST_HOST = "$(BUILT_PRODUCTS_DIR)/TaskManager.app/TaskManager";
			};
			name = Debug;
		};
		2B0967B11AF21029007CE86F /* Release */ = {
			isa = XCBuildConfiguration;
			buildSettings = {
				BUNDLE_LOADER = "$(TEST_HOST)";
				FRAMEWORK_SEARCH_PATHS = (
					"$(SDKROOT)/Developer/Library/Frameworks",
					"$(inherited)",
				);
				INFOPLIST_FILE = TaskManagerTests/Info.plist;
				LD_RUNPATH_SEARCH_PATHS = "$(inherited) @executable_path/Frameworks @loader_path/Frameworks";
				PRODUCT_NAME = "$(TARGET_NAME)";
				TEST_HOST = "$(BUILT_PRODUCTS_DIR)/TaskManager.app/TaskManager";
			};
			name = Release;
		};
/* End XCBuildConfiguration section */

/* Begin XCConfigurationList section */
		2B09677E1AF21029007CE86F /* Build configuration list for PBXProject "TaskManager" */ = {
			isa = XCConfigurationList;
			buildConfigurations = (
				2B0967AA1AF21029007CE86F /* Debug */,
				2B0967AB1AF21029007CE86F /* Release */,
			);
			defaultConfigurationIsVisible = 0;
			defaultConfigurationName = Release;
		};
		2B0967AC1AF21029007CE86F /* Build configuration list for PBXNativeTarget "TaskManager" */ = {
			isa = XCConfigurationList;
			buildConfigurations = (
				2B0967AD1AF21029007CE86F /* Debug */,
				2B0967AE1AF21029007CE86F /* Release */,
			);
			defaultConfigurationIsVisible = 0;
			defaultConfigurationName = Release;
		};
		2B0967AF1AF21029007CE86F /* Build configuration list for PBXNativeTarget "TaskManagerTests" */ = {
			isa = XCConfigurationList;
			buildConfigurations = (
				2B0967B01AF21029007CE86F /* Debug */,
				2B0967B11AF21029007CE86F /* Release */,
			);
			defaultConfigurationIsVisible = 0;
			defaultConfigurationName = Release;
		};
/* End XCConfigurationList section */

/* Begin XCVersionGroup section */
		2B09678D1AF21029007CE86F /* TaskManager.xcdatamodeld */ = {
			isa = XCVersionGroup;
			children = (
				2B09678E1AF21029007CE86F /* TaskManager.xcdatamodel */,
			);
			currentVersion = 2B09678E1AF21029007CE86F /* TaskManager.xcdatamodel */;
			path = TaskManager.xcdatamodeld;
			sourceTree = "<group>";
			versionGroupType = wrapper.xcdatamodel;
		};
/* End XCVersionGroup section */
	};
	rootObject = 2B09677B1AF21029007CE86F /* Project object */;
}
